// !$*UTF8*$!
{
	archiveVersion = 1;
	classes = {
	};
	objectVersion = 50;
	objects = {

/* Begin PBXBuildFile section */
		C00EA61726D564F3009F187E /* AppDelegate.swift in Sources */ = {isa = PBXBuildFile; fileRef = C00EA61626D564F3009F187E /* AppDelegate.swift */; };
		C00EA61926D564F3009F187E /* SceneDelegate.swift in Sources */ = {isa = PBXBuildFile; fileRef = C00EA61826D564F3009F187E /* SceneDelegate.swift */; };
		C00EA61B26D564F3009F187E /* ListViewController.swift in Sources */ = {isa = PBXBuildFile; fileRef = C00EA61A26D564F3009F187E /* ListViewController.swift */; };
		C00EA62026D564F5009F187E /* Assets.xcassets in Resources */ = {isa = PBXBuildFile; fileRef = C00EA61F26D564F5009F187E /* Assets.xcassets */; };
		C00EA62326D564F5009F187E /* LaunchScreen.storyboard in Resources */ = {isa = PBXBuildFile; fileRef = C00EA62126D564F5009F187E /* LaunchScreen.storyboard */; };
		C00EA63226D56753009F187E /* XmanTableViewCell.swift in Sources */ = {isa = PBXBuildFile; fileRef = C00EA63126D56753009F187E /* XmanTableViewCell.swift */; };
		C00EA63626D57ADE009F187E /* DetailViewController.swift in Sources */ = {isa = PBXBuildFile; fileRef = C00EA63526D57ADE009F187E /* DetailViewController.swift */; };
/* End PBXBuildFile section */

/* Begin PBXFileReference section */
		C00EA61326D564F3009F187E /* viewCode-Xman-api.app */ = {isa = PBXFileReference; explicitFileType = wrapper.application; includeInIndex = 0; path = "viewCode-Xman-api.app"; sourceTree = BUILT_PRODUCTS_DIR; };
		C00EA61626D564F3009F187E /* AppDelegate.swift */ = {isa = PBXFileReference; lastKnownFileType = sourcecode.swift; path = AppDelegate.swift; sourceTree = "<group>"; };
		C00EA61826D564F3009F187E /* SceneDelegate.swift */ = {isa = PBXFileReference; lastKnownFileType = sourcecode.swift; path = SceneDelegate.swift; sourceTree = "<group>"; };
		C00EA61A26D564F3009F187E /* ListViewController.swift */ = {isa = PBXFileReference; lastKnownFileType = sourcecode.swift; path = ListViewController.swift; sourceTree = "<group>"; };
		C00EA61F26D564F5009F187E /* Assets.xcassets */ = {isa = PBXFileReference; lastKnownFileType = folder.assetcatalog; path = Assets.xcassets; sourceTree = "<group>"; };
		C00EA62226D564F5009F187E /* Base */ = {isa = PBXFileReference; lastKnownFileType = file.storyboard; name = Base; path = Base.lproj/LaunchScreen.storyboard; sourceTree = "<group>"; };
		C00EA62426D564F5009F187E /* Info.plist */ = {isa = PBXFileReference; lastKnownFileType = text.plist.xml; path = Info.plist; sourceTree = "<group>"; };
		C00EA63126D56753009F187E /* XmanTableViewCell.swift */ = {isa = PBXFileReference; lastKnownFileType = sourcecode.swift; path = XmanTableViewCell.swift; sourceTree = "<group>"; };
		C00EA63526D57ADE009F187E /* DetailViewController.swift */ = {isa = PBXFileReference; lastKnownFileType = sourcecode.swift; path = DetailViewController.swift; sourceTree = "<group>"; };
/* End PBXFileReference section */

/* Begin PBXFrameworksBuildPhase section */
		C00EA61026D564F3009F187E /* Frameworks */ = {
			isa = PBXFrameworksBuildPhase;
			buildActionMask = 2147483647;
			files = (
			);
			runOnlyForDeploymentPostprocessing = 0;
		};
/* End PBXFrameworksBuildPhase section */

/* Begin PBXGroup section */
		C00EA60A26D564F3009F187E = {
			isa = PBXGroup;
			children = (
				C00EA61526D564F3009F187E /* viewCode-Xman-api */,
				C00EA61426D564F3009F187E /* Products */,
			);
			sourceTree = "<group>";
		};
		C00EA61426D564F3009F187E /* Products */ = {
			isa = PBXGroup;
			children = (
				C00EA61326D564F3009F187E /* viewCode-Xman-api.app */,
			);
			name = Products;
			sourceTree = "<group>";
		};
		C00EA61526D564F3009F187E /* viewCode-Xman-api */ = {
			isa = PBXGroup;
			children = (
				C00EA62B26D565A4009F187E /* Application */,
				C00EA62A26D5659E009F187E /* Resources */,
				C00EA62C26D565AD009F187E /* Source */,
				C00EA62426D564F5009F187E /* Info.plist */,
			);
			path = "viewCode-Xman-api";
			sourceTree = "<group>";
		};
		C00EA62A26D5659E009F187E /* Resources */ = {
			isa = PBXGroup;
			children = (
				C00EA61F26D564F5009F187E /* Assets.xcassets */,
				C00EA62126D564F5009F187E /* LaunchScreen.storyboard */,
			);
			path = Resources;
			sourceTree = "<group>";
		};
		C00EA62B26D565A4009F187E /* Application */ = {
			isa = PBXGroup;
			children = (
				C00EA61626D564F3009F187E /* AppDelegate.swift */,
				C00EA61826D564F3009F187E /* SceneDelegate.swift */,
			);
			path = Application;
			sourceTree = "<group>";
		};
		C00EA62C26D565AD009F187E /* Source */ = {
			isa = PBXGroup;
			children = (
				C00EA62E26D565D5009F187E /* Model */,
				C00EA62F26D565DA009F187E /* View */,
				C00EA62D26D565CE009F187E /* Controller */,
			);
			path = Source;
			sourceTree = "<group>";
		};
		C00EA62D26D565CE009F187E /* Controller */ = {
			isa = PBXGroup;
			children = (
				C00EA61A26D564F3009F187E /* ListViewController.swift */,
				C00EA63526D57ADE009F187E /* DetailViewController.swift */,
			);
			path = Controller;
			sourceTree = "<group>";
		};
		C00EA62E26D565D5009F187E /* Model */ = {
			isa = PBXGroup;
			children = (
			);
			path = Model;
			sourceTree = "<group>";
		};
		C00EA62F26D565DA009F187E /* View */ = {
			isa = PBXGroup;
			children = (
				C00EA63026D5663F009F187E /* TableViewCell */,
			);
			path = View;
			sourceTree = "<group>";
		};
		C00EA63026D5663F009F187E /* TableViewCell */ = {
			isa = PBXGroup;
			children = (
				C00EA63126D56753009F187E /* XmanTableViewCell.swift */,
			);
			path = TableViewCell;
			sourceTree = "<group>";
		};
/* End PBXGroup section */

/* Begin PBXNativeTarget section */
		C00EA61226D564F3009F187E /* viewCode-Xman-api */ = {
			isa = PBXNativeTarget;
			buildConfigurationList = C00EA62726D564F5009F187E /* Build configuration list for PBXNativeTarget "viewCode-Xman-api" */;
			buildPhases = (
				C00EA60F26D564F3009F187E /* Sources */,
				C00EA61026D564F3009F187E /* Frameworks */,
				C00EA61126D564F3009F187E /* Resources */,
			);
			buildRules = (
			);
			dependencies = (
			);
			name = "viewCode-Xman-api";
			productName = "viewCode-Xman-api";
			productReference = C00EA61326D564F3009F187E /* viewCode-Xman-api.app */;
			productType = "com.apple.product-type.application";
		};
/* End PBXNativeTarget section */

/* Begin PBXProject section */
		C00EA60B26D564F3009F187E /* Project object */ = {
			isa = PBXProject;
			attributes = {
				LastSwiftUpdateCheck = 1250;
				LastUpgradeCheck = 1250;
				TargetAttributes = {
					C00EA61226D564F3009F187E = {
						CreatedOnToolsVersion = 12.5.1;
					};
				};
			};
			buildConfigurationList = C00EA60E26D564F3009F187E /* Build configuration list for PBXProject "viewCode-Xman-api" */;
			compatibilityVersion = "Xcode 9.3";
			developmentRegion = en;
			hasScannedForEncodings = 0;
			knownRegions = (
				en,
				Base,
			);
			mainGroup = C00EA60A26D564F3009F187E;
			productRefGroup = C00EA61426D564F3009F187E /* Products */;
			projectDirPath = "";
			projectRoot = "";
			targets = (
				C00EA61226D564F3009F187E /* viewCode-Xman-api */,
			);
		};
/* End PBXProject section */

/* Begin PBXResourcesBuildPhase section */
		C00EA61126D564F3009F187E /* Resources */ = {
			isa = PBXResourcesBuildPhase;
			buildActionMask = 2147483647;
			files = (
				C00EA62326D564F5009F187E /* LaunchScreen.storyboard in Resources */,
				C00EA62026D564F5009F187E /* Assets.xcassets in Resources */,
			);
			runOnlyForDeploymentPostprocessing = 0;
		};
/* End PBXResourcesBuildPhase section */

/* Begin PBXSourcesBuildPhase section */
		C00EA60F26D564F3009F187E /* Sources */ = {
			isa = PBXSourcesBuildPhase;
			buildActionMask = 2147483647;
			files = (
				C00EA61B26D564F3009F187E /* ListViewController.swift in Sources */,
				C00EA63226D56753009F187E /* XmanTableViewCell.swift in Sources */,
				C00EA63626D57ADE009F187E /* DetailViewController.swift in Sources */,
				C00EA61726D564F3009F187E /* AppDelegate.swift in Sources */,
				C00EA61926D564F3009F187E /* SceneDelegate.swift in Sources */,
			);
			runOnlyForDeploymentPostprocessing = 0;
		};
/* End PBXSourcesBuildPhase section */

/* Begin PBXVariantGroup section */
		C00EA62126D564F5009F187E /* LaunchScreen.storyboard */ = {
			isa = PBXVariantGroup;
			children = (
				C00EA62226D564F5009F187E /* Base */,
			);
			name = LaunchScreen.storyboard;
			sourceTree = "<group>";
		};
/* End PBXVariantGroup section */

/* Begin XCBuildConfiguration section */
		C00EA62526D564F5009F187E /* Debug */ = {
			isa = XCBuildConfiguration;
			buildSettings = {
				ALWAYS_SEARCH_USER_PATHS = NO;
				CLANG_ANALYZER_NONNULL = YES;
				CLANG_ANALYZER_NUMBER_OBJECT_CONVERSION = YES_AGGRESSIVE;
				CLANG_CXX_LANGUAGE_STANDARD = "gnu++14";
				CLANG_CXX_LIBRARY = "libc++";
				CLANG_ENABLE_MODULES = YES;
				CLANG_ENABLE_OBJC_ARC = YES;
				CLANG_ENABLE_OBJC_WEAK = YES;
				CLANG_WARN_BLOCK_CAPTURE_AUTORELEASING = YES;
				CLANG_WARN_BOOL_CONVERSION = YES;
				CLANG_WARN_COMMA = YES;
				CLANG_WARN_CONSTANT_CONVERSION = YES;
				CLANG_WARN_DEPRECATED_OBJC_IMPLEMENTATIONS = YES;
				CLANG_WARN_DIRECT_OBJC_ISA_USAGE = YES_ERROR;
				CLANG_WARN_DOCUMENTATION_COMMENTS = YES;
				CLANG_WARN_EMPTY_BODY = YES;
				CLANG_WARN_ENUM_CONVERSION = YES;
				CLANG_WARN_INFINITE_RECURSION = YES;
				CLANG_WARN_INT_CONVERSION = YES;
				CLANG_WARN_NON_LITERAL_NULL_CONVERSION = YES;
				CLANG_WARN_OBJC_IMPLICIT_RETAIN_SELF = YES;
				CLANG_WARN_OBJC_LITERAL_CONVERSION = YES;
				CLANG_WARN_OBJC_ROOT_CLASS = YES_ERROR;
				CLANG_WARN_QUOTED_INCLUDE_IN_FRAMEWORK_HEADER = YES;
				CLANG_WARN_RANGE_LOOP_ANALYSIS = YES;
				CLANG_WARN_STRICT_PROTOTYPES = YES;
				CLANG_WARN_SUSPICIOUS_MOVE = YES;
				CLANG_WARN_UNGUARDED_AVAILABILITY = YES_AGGRESSIVE;
				CLANG_WARN_UNREACHABLE_CODE = YES;
				CLANG_WARN__DUPLICATE_METHOD_MATCH = YES;
				COPY_PHASE_STRIP = NO;
				DEBUG_INFORMATION_FORMAT = dwarf;
				ENABLE_STRICT_OBJC_MSGSEND = YES;
				ENABLE_TESTABILITY = YES;
				GCC_C_LANGUAGE_STANDARD = gnu11;
				GCC_DYNAMIC_NO_PIC = NO;
				GCC_NO_COMMON_BLOCKS = YES;
				GCC_OPTIMIZATION_LEVEL = 0;
				GCC_PREPROCESSOR_DEFINITIONS = (
					"DEBUG=1",
					"$(inherited)",
				);
				GCC_WARN_64_TO_32_BIT_CONVERSION = YES;
				GCC_WARN_ABOUT_RETURN_TYPE = YES_ERROR;
				GCC_WARN_UNDECLARED_SELECTOR = YES;
				GCC_WARN_UNINITIALIZED_AUTOS = YES_AGGRESSIVE;
				GCC_WARN_UNUSED_FUNCTION = YES;
				GCC_WARN_UNUSED_VARIABLE = YES;
				IPHONEOS_DEPLOYMENT_TARGET = 14.5;
				MTL_ENABLE_DEBUG_INFO = INCLUDE_SOURCE;
				MTL_FAST_MATH = YES;
				ONLY_ACTIVE_ARCH = YES;
				SDKROOT = iphoneos;
				SWIFT_ACTIVE_COMPILATION_CONDITIONS = DEBUG;
				SWIFT_OPTIMIZATION_LEVEL = "-Onone";
			};
			name = Debug;
		};
		C00EA62626D564F5009F187E /* Release */ = {
			isa = XCBuildConfiguration;
			buildSettings = {
				ALWAYS_SEARCH_USER_PATHS = NO;
				CLANG_ANALYZER_NONNULL = YES;
				CLANG_ANALYZER_NUMBER_OBJECT_CONVERSION = YES_AGGRESSIVE;
				CLANG_CXX_LANGUAGE_STANDARD = "gnu++14";
				CLANG_CXX_LIBRARY = "libc++";
				CLANG_ENABLE_MODULES = YES;
				CLANG_ENABLE_OBJC_ARC = YES;
				CLANG_ENABLE_OBJC_WEAK = YES;
				CLANG_WARN_BLOCK_CAPTURE_AUTORELEASING = YES;
				CLANG_WARN_BOOL_CONVERSION = YES;
				CLANG_WARN_COMMA = YES;
				CLANG_WARN_CONSTANT_CONVERSION = YES;
				CLANG_WARN_DEPRECATED_OBJC_IMPLEMENTATIONS = YES;
				CLANG_WARN_DIRECT_OBJC_ISA_USAGE = YES_ERROR;
				CLANG_WARN_DOCUMENTATION_COMMENTS = YES;
				CLANG_WARN_EMPTY_BODY = YES;
				CLANG_WARN_ENUM_CONVERSION = YES;
				CLANG_WARN_INFINITE_RECURSION = YES;
				CLANG_WARN_INT_CONVERSION = YES;
				CLANG_WARN_NON_LITERAL_NULL_CONVERSION = YES;
				CLANG_WARN_OBJC_IMPLICIT_RETAIN_SELF = YES;
				CLANG_WARN_OBJC_LITERAL_CONVERSION = YES;
				CLANG_WARN_OBJC_ROOT_CLASS = YES_ERROR;
				CLANG_WARN_QUOTED_INCLUDE_IN_FRAMEWORK_HEADER = YES;
				CLANG_WARN_RANGE_LOOP_ANALYSIS = YES;
				CLANG_WARN_STRICT_PROTOTYPES = YES;
				CLANG_WARN_SUSPICIOUS_MOVE = YES;
				CLANG_WARN_UNGUARDED_AVAILABILITY = YES_AGGRESSIVE;
				CLANG_WARN_UNREACHABLE_CODE = YES;
				CLANG_WARN__DUPLICATE_METHOD_MATCH = YES;
				COPY_PHASE_STRIP = NO;
				DEBUG_INFORMATION_FORMAT = "dwarf-with-dsym";
				ENABLE_NS_ASSERTIONS = NO;
				ENABLE_STRICT_OBJC_MSGSEND = YES;
				GCC_C_LANGUAGE_STANDARD = gnu11;
				GCC_NO_COMMON_BLOCKS = YES;
				GCC_WARN_64_TO_32_BIT_CONVERSION = YES;
				GCC_WARN_ABOUT_RETURN_TYPE = YES_ERROR;
				GCC_WARN_UNDECLARED_SELECTOR = YES;
				GCC_WARN_UNINITIALIZED_AUTOS = YES_AGGRESSIVE;
				GCC_WARN_UNUSED_FUNCTION = YES;
				GCC_WARN_UNUSED_VARIABLE = YES;
				IPHONEOS_DEPLOYMENT_TARGET = 14.5;
				MTL_ENABLE_DEBUG_INFO = NO;
				MTL_FAST_MATH = YES;
				SDKROOT = iphoneos;
				SWIFT_COMPILATION_MODE = wholemodule;
				SWIFT_OPTIMIZATION_LEVEL = "-O";
				VALIDATE_PRODUCT = YES;
			};
			name = Release;
		};
		C00EA62826D564F5009F187E /* Debug */ = {
			isa = XCBuildConfiguration;
			buildSettings = {
				ASSETCATALOG_COMPILER_APPICON_NAME = AppIcon;
				ASSETCATALOG_COMPILER_GLOBAL_ACCENT_COLOR_NAME = AccentColor;
				CODE_SIGN_STYLE = Automatic;
				DEVELOPMENT_TEAM = BM4YFXN4AH;
				INFOPLIST_FILE = "viewCode-Xman-api/Info.plist";
				LD_RUNPATH_SEARCH_PATHS = (
					"$(inherited)",
					"@executable_path/Frameworks",
				);
				PRODUCT_BUNDLE_IDENTIFIER = "gabriel-nicol.viewCode-Xman-api";
				PRODUCT_NAME = "$(TARGET_NAME)";
				SWIFT_VERSION = 5.0;
				TARGETED_DEVICE_FAMILY = "1,2";
			};
			name = Debug;
		};
		C00EA62926D564F5009F187E /* Release */ = {
			isa = XCBuildConfiguration;
			buildSettings = {
				ASSETCATALOG_COMPILER_APPICON_NAME = AppIcon;
				ASSETCATALOG_COMPILER_GLOBAL_ACCENT_COLOR_NAME = AccentColor;
				CODE_SIGN_STYLE = Automatic;
				DEVELOPMENT_TEAM = BM4YFXN4AH;
				INFOPLIST_FILE = "viewCode-Xman-api/Info.plist";
				LD_RUNPATH_SEARCH_PATHS = (
					"$(inherited)",
					"@executable_path/Frameworks",
				);
				PRODUCT_BUNDLE_IDENTIFIER = "gabriel-nicol.viewCode-Xman-api";
				PRODUCT_NAME = "$(TARGET_NAME)";
				SWIFT_VERSION = 5.0;
				TARGETED_DEVICE_FAMILY = "1,2";
			};
			name = Release;
		};
/* End XCBuildConfiguration section */

/* Begin XCConfigurationList section */
		C00EA60E26D564F3009F187E /* Build configuration list for PBXProject "viewCode-Xman-api" */ = {
			isa = XCConfigurationList;
			buildConfigurations = (
				C00EA62526D564F5009F187E /* Debug */,
				C00EA62626D564F5009F187E /* Release */,
			);
			defaultConfigurationIsVisible = 0;
			defaultConfigurationName = Release;
		};
		C00EA62726D564F5009F187E /* Build configuration list for PBXNativeTarget "viewCode-Xman-api" */ = {
			isa = XCConfigurationList;
			buildConfigurations = (
				C00EA62826D564F5009F187E /* Debug */,
				C00EA62926D564F5009F187E /* Release */,
			);
			defaultConfigurationIsVisible = 0;
			defaultConfigurationName = Release;
		};
/* End XCConfigurationList section */
	};
	rootObject = C00EA60B26D564F3009F187E /* Project object */;
}
